
Microsoft Visual Studio Solution File, Format Version 12.00
Project("{FAE04EC0-301F-11D3-BF4B-00C04F79EFBC}") = "BlazorDocTextUploader.Server", "BlazorDocTextUploader\Server\BlazorDocTextUploader.Server.csproj", "{FC6CB480-1383-45A5-8D83-30F1B9C62583}"
EndProject
Project("{FAE04EC0-301F-11D3-BF4B-00C04F79EFBC}") = "BlazorDocTextUploader.Client", "BlazorDocTextUploader\Client\BlazorDocTextUploader.Client.csproj", "{C5259141-8E55-476B-9223-84120228DA90}"
EndProject
Project("{FAE04EC0-301F-11D3-BF4B-00C04F79EFBC}") = "BlazorDocTextUploader.Shared", "BlazorDocTextUploader\Shared\BlazorDocTextUploader.Shared.csproj", "{D5B0CA4E-536B-463E-9560-2A9E187B5F5D}"
EndProject
Global
	GlobalSection(SolutionConfigurationPlatforms) = preSolution
		Debug|Any CPU = Debug|Any CPU
		Release|Any CPU = Release|Any CPU
	EndGlobalSection
	GlobalSection(ProjectConfigurationPlatforms) = postSolution
		{FC6CB480-1383-45A5-8D83-30F1B9C62583}.Debug|Any CPU.ActiveCfg = Debug|Any CPU
		{FC6CB480-1383-45A5-8D83-30F1B9C62583}.Debug|Any CPU.Build.0 = Debug|Any CPU
		{FC6CB480-1383-45A5-8D83-30F1B9C62583}.Release|Any CPU.ActiveCfg = Release|Any CPU
		{FC6CB480-1383-45A5-8D83-30F1B9C62583}.Release|Any CPU.Build.0 = Release|Any CPU
		{C5259141-8E55-476B-9223-84120228DA90}.Debug|Any CPU.ActiveCfg = Debug|Any CPU
		{C5259141-8E55-476B-9223-84120228DA90}.Debug|Any CPU.Build.0 = Debug|Any CPU
		{C5259141-8E55-476B-9223-84120228DA90}.Release|Any CPU.ActiveCfg = Release|Any CPU
		{C5259141-8E55-476B-9223-84120228DA90}.Release|Any CPU.Build.0 = Release|Any CPU
		{D5B0CA4E-536B-463E-9560-2A9E187B5F5D}.Debug|Any CPU.ActiveCfg = Debug|Any CPU
		{D5B0CA4E-536B-463E-9560-2A9E187B5F5D}.Debug|Any CPU.Build.0 = Debug|Any CPU
		{D5B0CA4E-536B-463E-9560-2A9E187B5F5D}.Release|Any CPU.ActiveCfg = Release|Any CPU
		{D5B0CA4E-536B-463E-9560-2A9E187B5F5D}.Release|Any CPU.Build.0 = Release|Any CPU
	EndGlobalSection
EndGlobal
